// !$*UTF8*$!
{
	archiveVersion = 1;
	classes = {
	};
	objectVersion = 51;
	objects = {

/* Begin PBXBuildFile section */
		6EE3FF31DD3CA073F7915499 /* Pods_TimeMattersTests.framework in Frameworks */ = {isa = PBXBuildFile; fileRef = 41B8B3A68390EADD4C7863E0 /* Pods_TimeMattersTests.framework */; };
		81721B5416A784A20236BA28 /* Pods_TimeMatters.framework in Frameworks */ = {isa = PBXBuildFile; fileRef = C2C35188D83F2B33D85B2BFB /* Pods_TimeMatters.framework */; };
		B780C9B426286557007FB78A /* UserVM.swift in Sources */ = {isa = PBXBuildFile; fileRef = B780C9B326286557007FB78A /* UserVM.swift */; };
		B780C9B926286580007FB78A /* ActivityVM.swift in Sources */ = {isa = PBXBuildFile; fileRef = B780C9B826286580007FB78A /* ActivityVM.swift */; };
		B780C9BE262865DA007FB78A /* ModeVM.swift in Sources */ = {isa = PBXBuildFile; fileRef = B780C9BD262865DA007FB78A /* ModeVM.swift */; };
		B780C9C32628660E007FB78A /* TimeLoggingVM.swift in Sources */ = {isa = PBXBuildFile; fileRef = B780C9C22628660E007FB78A /* TimeLoggingVM.swift */; };
		B780C9C826286636007FB78A /* RecordVM.swift in Sources */ = {isa = PBXBuildFile; fileRef = B780C9C726286636007FB78A /* RecordVM.swift */; };
		E645FD2D262BFDA600F63C5E /* AJ.storyboard in Resources */ = {isa = PBXBuildFile; fileRef = E645FD2C262BFDA600F63C5E /* AJ.storyboard */; };
		E652434F2616E5DE00270A4F /* AppDelegate.swift in Sources */ = {isa = PBXBuildFile; fileRef = E652434E2616E5DE00270A4F /* AppDelegate.swift */; };
		E65243512616E5DE00270A4F /* SceneDelegate.swift in Sources */ = {isa = PBXBuildFile; fileRef = E65243502616E5DE00270A4F /* SceneDelegate.swift */; };
		E65243562616E5DE00270A4F /* Main.storyboard in Resources */ = {isa = PBXBuildFile; fileRef = E65243542616E5DE00270A4F /* Main.storyboard */; };
		E65243582616E5E000270A4F /* Assets.xcassets in Resources */ = {isa = PBXBuildFile; fileRef = E65243572616E5E000270A4F /* Assets.xcassets */; };
		E652435B2616E5E000270A4F /* LaunchScreen.storyboard in Resources */ = {isa = PBXBuildFile; fileRef = E65243592616E5E000270A4F /* LaunchScreen.storyboard */; };
		E65243662616E5E100270A4F /* TimeMattersTests.swift in Sources */ = {isa = PBXBuildFile; fileRef = E65243652616E5E100270A4F /* TimeMattersTests.swift */; };
		E65243712616E5E100270A4F /* TimeMattersUITests.swift in Sources */ = {isa = PBXBuildFile; fileRef = E65243702616E5E100270A4F /* TimeMattersUITests.swift */; };
		E67B5A8E2622B50B00CAB258 /* LoginViewController.swift in Sources */ = {isa = PBXBuildFile; fileRef = E67B5A8D2622B50B00CAB258 /* LoginViewController.swift */; };
		E67B5A962622B53B00CAB258 /* ProfileViewController.swift in Sources */ = {isa = PBXBuildFile; fileRef = E67B5A952622B53A00CAB258 /* ProfileViewController.swift */; };
		E6E7F5DD262CB3BA00C9411F /* UADailyViewController.swift in Sources */ = {isa = PBXBuildFile; fileRef = E6E7F5DC262CB3BA00C9411F /* UADailyViewController.swift */; };
		E6E7F5E2262CB3E200C9411F /* UAWeeklyViewController.swift in Sources */ = {isa = PBXBuildFile; fileRef = E6E7F5E1262CB3E200C9411F /* UAWeeklyViewController.swift */; };
		E6E7F5E7262CB3FF00C9411F /* UAYearlyViewController.swift in Sources */ = {isa = PBXBuildFile; fileRef = E6E7F5E6262CB3FF00C9411F /* UAYearlyViewController.swift */; };
		ECBC888E715F45FA94F4FE27 /* Pods_TimeMatters_TimeMattersUITests.framework in Frameworks */ = {isa = PBXBuildFile; fileRef = 6ADDDA16F382220AF2FE17F4 /* Pods_TimeMatters_TimeMattersUITests.framework */; };
/* End PBXBuildFile section */

/* Begin PBXContainerItemProxy section */
		E65243622616E5E100270A4F /* PBXContainerItemProxy */ = {
			isa = PBXContainerItemProxy;
			containerPortal = E65243432616E5DE00270A4F /* Project object */;
			proxyType = 1;
			remoteGlobalIDString = E652434A2616E5DE00270A4F;
			remoteInfo = TimeMatters;
		};
		E652436D2616E5E100270A4F /* PBXContainerItemProxy */ = {
			isa = PBXContainerItemProxy;
			containerPortal = E65243432616E5DE00270A4F /* Project object */;
			proxyType = 1;
			remoteGlobalIDString = E652434A2616E5DE00270A4F;
			remoteInfo = TimeMatters;
		};
/* End PBXContainerItemProxy section */

/* Begin PBXFileReference section */
		1A747ACCA846DE66A2E7AB71 /* Pods-TimeMattersTests.debug.xcconfig */ = {isa = PBXFileReference; includeInIndex = 1; lastKnownFileType = text.xcconfig; name = "Pods-TimeMattersTests.debug.xcconfig"; path = "Target Support Files/Pods-TimeMattersTests/Pods-TimeMattersTests.debug.xcconfig"; sourceTree = "<group>"; };
		41B8B3A68390EADD4C7863E0 /* Pods_TimeMattersTests.framework */ = {isa = PBXFileReference; explicitFileType = wrapper.framework; includeInIndex = 0; path = Pods_TimeMattersTests.framework; sourceTree = BUILT_PRODUCTS_DIR; };
		454437E0E4A637C1DC235CCF /* Pods-TimeMatters-TimeMattersUITests.debug.xcconfig */ = {isa = PBXFileReference; includeInIndex = 1; lastKnownFileType = text.xcconfig; name = "Pods-TimeMatters-TimeMattersUITests.debug.xcconfig"; path = "Target Support Files/Pods-TimeMatters-TimeMattersUITests/Pods-TimeMatters-TimeMattersUITests.debug.xcconfig"; sourceTree = "<group>"; };
		6ADDDA16F382220AF2FE17F4 /* Pods_TimeMatters_TimeMattersUITests.framework */ = {isa = PBXFileReference; explicitFileType = wrapper.framework; includeInIndex = 0; path = Pods_TimeMatters_TimeMattersUITests.framework; sourceTree = BUILT_PRODUCTS_DIR; };
		77FC334C3CF1355A210FDFF2 /* Pods-TimeMattersTests.release.xcconfig */ = {isa = PBXFileReference; includeInIndex = 1; lastKnownFileType = text.xcconfig; name = "Pods-TimeMattersTests.release.xcconfig"; path = "Target Support Files/Pods-TimeMattersTests/Pods-TimeMattersTests.release.xcconfig"; sourceTree = "<group>"; };
		AAEE82F6F5B1936CD09C6C36 /* Pods-TimeMatters-TimeMattersUITests.release.xcconfig */ = {isa = PBXFileReference; includeInIndex = 1; lastKnownFileType = text.xcconfig; name = "Pods-TimeMatters-TimeMattersUITests.release.xcconfig"; path = "Target Support Files/Pods-TimeMatters-TimeMattersUITests/Pods-TimeMatters-TimeMattersUITests.release.xcconfig"; sourceTree = "<group>"; };
		AEE015319122CD83F6796941 /* Pods-TimeMatters.release.xcconfig */ = {isa = PBXFileReference; includeInIndex = 1; lastKnownFileType = text.xcconfig; name = "Pods-TimeMatters.release.xcconfig"; path = "Target Support Files/Pods-TimeMatters/Pods-TimeMatters.release.xcconfig"; sourceTree = "<group>"; };
		B780C9B326286557007FB78A /* UserVM.swift */ = {isa = PBXFileReference; lastKnownFileType = sourcecode.swift; name = UserVM.swift; path = TimeMatters/Model/UserVM.swift; sourceTree = SOURCE_ROOT; };
		B780C9B826286580007FB78A /* ActivityVM.swift */ = {isa = PBXFileReference; lastKnownFileType = sourcecode.swift; name = ActivityVM.swift; path = TimeMatters/Model/ActivityVM.swift; sourceTree = SOURCE_ROOT; };
		B780C9BD262865DA007FB78A /* ModeVM.swift */ = {isa = PBXFileReference; lastKnownFileType = sourcecode.swift; name = ModeVM.swift; path = TimeMatters/Model/ModeVM.swift; sourceTree = SOURCE_ROOT; };
		B780C9C22628660E007FB78A /* TimeLoggingVM.swift */ = {isa = PBXFileReference; lastKnownFileType = sourcecode.swift; name = TimeLoggingVM.swift; path = TimeMatters/Model/TimeLoggingVM.swift; sourceTree = SOURCE_ROOT; };
		B780C9C726286636007FB78A /* RecordVM.swift */ = {isa = PBXFileReference; lastKnownFileType = sourcecode.swift; name = RecordVM.swift; path = TimeMatters/Model/RecordVM.swift; sourceTree = SOURCE_ROOT; };
		C2C35188D83F2B33D85B2BFB /* Pods_TimeMatters.framework */ = {isa = PBXFileReference; explicitFileType = wrapper.framework; includeInIndex = 0; path = Pods_TimeMatters.framework; sourceTree = BUILT_PRODUCTS_DIR; };
		D2BB791ABC6084BCF0E9413B /* Pods-TimeMatters.debug.xcconfig */ = {isa = PBXFileReference; includeInIndex = 1; lastKnownFileType = text.xcconfig; name = "Pods-TimeMatters.debug.xcconfig"; path = "Target Support Files/Pods-TimeMatters/Pods-TimeMatters.debug.xcconfig"; sourceTree = "<group>"; };
		E645FD2C262BFDA600F63C5E /* AJ.storyboard */ = {isa = PBXFileReference; fileEncoding = 4; lastKnownFileType = file.storyboard; path = AJ.storyboard; sourceTree = "<group>"; };
		E652434B2616E5DE00270A4F /* TimeMatters.app */ = {isa = PBXFileReference; explicitFileType = wrapper.application; includeInIndex = 0; path = TimeMatters.app; sourceTree = BUILT_PRODUCTS_DIR; };
		E652434E2616E5DE00270A4F /* AppDelegate.swift */ = {isa = PBXFileReference; lastKnownFileType = sourcecode.swift; path = AppDelegate.swift; sourceTree = "<group>"; };
		E65243502616E5DE00270A4F /* SceneDelegate.swift */ = {isa = PBXFileReference; lastKnownFileType = sourcecode.swift; path = SceneDelegate.swift; sourceTree = "<group>"; };
		E65243552616E5DE00270A4F /* Base */ = {isa = PBXFileReference; lastKnownFileType = file.storyboard; name = Base; path = Base.lproj/Main.storyboard; sourceTree = "<group>"; };
		E65243572616E5E000270A4F /* Assets.xcassets */ = {isa = PBXFileReference; lastKnownFileType = folder.assetcatalog; path = Assets.xcassets; sourceTree = "<group>"; };
		E652435A2616E5E000270A4F /* Base */ = {isa = PBXFileReference; lastKnownFileType = file.storyboard; name = Base; path = Base.lproj/LaunchScreen.storyboard; sourceTree = "<group>"; };
		E652435C2616E5E000270A4F /* Info.plist */ = {isa = PBXFileReference; lastKnownFileType = text.plist.xml; path = Info.plist; sourceTree = "<group>"; };
		E65243612616E5E100270A4F /* TimeMattersTests.xctest */ = {isa = PBXFileReference; explicitFileType = wrapper.cfbundle; includeInIndex = 0; path = TimeMattersTests.xctest; sourceTree = BUILT_PRODUCTS_DIR; };
		E65243652616E5E100270A4F /* TimeMattersTests.swift */ = {isa = PBXFileReference; lastKnownFileType = sourcecode.swift; path = TimeMattersTests.swift; sourceTree = "<group>"; };
		E65243672616E5E100270A4F /* Info.plist */ = {isa = PBXFileReference; lastKnownFileType = text.plist.xml; path = Info.plist; sourceTree = "<group>"; };
		E652436C2616E5E100270A4F /* TimeMattersUITests.xctest */ = {isa = PBXFileReference; explicitFileType = wrapper.cfbundle; includeInIndex = 0; path = TimeMattersUITests.xctest; sourceTree = BUILT_PRODUCTS_DIR; };
		E65243702616E5E100270A4F /* TimeMattersUITests.swift */ = {isa = PBXFileReference; lastKnownFileType = sourcecode.swift; path = TimeMattersUITests.swift; sourceTree = "<group>"; };
		E65243722616E5E100270A4F /* Info.plist */ = {isa = PBXFileReference; lastKnownFileType = text.plist.xml; path = Info.plist; sourceTree = "<group>"; };
		E67B5A8D2622B50B00CAB258 /* LoginViewController.swift */ = {isa = PBXFileReference; lastKnownFileType = sourcecode.swift; path = LoginViewController.swift; sourceTree = "<group>"; };
		E67B5A952622B53A00CAB258 /* ProfileViewController.swift */ = {isa = PBXFileReference; lastKnownFileType = sourcecode.swift; path = ProfileViewController.swift; sourceTree = "<group>"; };
		E6E7F5DC262CB3BA00C9411F /* UADailyViewController.swift */ = {isa = PBXFileReference; lastKnownFileType = sourcecode.swift; path = UADailyViewController.swift; sourceTree = "<group>"; };
		E6E7F5E1262CB3E200C9411F /* UAWeeklyViewController.swift */ = {isa = PBXFileReference; lastKnownFileType = sourcecode.swift; path = UAWeeklyViewController.swift; sourceTree = "<group>"; };
		E6E7F5E6262CB3FF00C9411F /* UAYearlyViewController.swift */ = {isa = PBXFileReference; lastKnownFileType = sourcecode.swift; path = UAYearlyViewController.swift; sourceTree = "<group>"; };
/* End PBXFileReference section */

/* Begin PBXFrameworksBuildPhase section */
		E65243482616E5DE00270A4F /* Frameworks */ = {
			isa = PBXFrameworksBuildPhase;
			buildActionMask = 2147483647;
			files = (
				81721B5416A784A20236BA28 /* Pods_TimeMatters.framework in Frameworks */,
			);
			runOnlyForDeploymentPostprocessing = 0;
		};
		E652435E2616E5E100270A4F /* Frameworks */ = {
			isa = PBXFrameworksBuildPhase;
			buildActionMask = 2147483647;
			files = (
				6EE3FF31DD3CA073F7915499 /* Pods_TimeMattersTests.framework in Frameworks */,
			);
			runOnlyForDeploymentPostprocessing = 0;
		};
		E65243692616E5E100270A4F /* Frameworks */ = {
			isa = PBXFrameworksBuildPhase;
			buildActionMask = 2147483647;
			files = (
				ECBC888E715F45FA94F4FE27 /* Pods_TimeMatters_TimeMattersUITests.framework in Frameworks */,
			);
			runOnlyForDeploymentPostprocessing = 0;
		};
/* End PBXFrameworksBuildPhase section */

/* Begin PBXGroup section */
		B7F696B026291108009EE39A /* Model */ = {
			isa = PBXGroup;
			children = (
				B780C9B326286557007FB78A /* UserVM.swift */,
				B780C9B826286580007FB78A /* ActivityVM.swift */,
				B780C9BD262865DA007FB78A /* ModeVM.swift */,
				B780C9C22628660E007FB78A /* TimeLoggingVM.swift */,
				B780C9C726286636007FB78A /* RecordVM.swift */,
			);
			path = Model;
			sourceTree = "<group>";
		};
		B867EFF9D0E4DC71509EF2CA /* Pods */ = {
			isa = PBXGroup;
			children = (
				D2BB791ABC6084BCF0E9413B /* Pods-TimeMatters.debug.xcconfig */,
				AEE015319122CD83F6796941 /* Pods-TimeMatters.release.xcconfig */,
				454437E0E4A637C1DC235CCF /* Pods-TimeMatters-TimeMattersUITests.debug.xcconfig */,
				AAEE82F6F5B1936CD09C6C36 /* Pods-TimeMatters-TimeMattersUITests.release.xcconfig */,
				1A747ACCA846DE66A2E7AB71 /* Pods-TimeMattersTests.debug.xcconfig */,
				77FC334C3CF1355A210FDFF2 /* Pods-TimeMattersTests.release.xcconfig */,
			);
			path = Pods;
			sourceTree = "<group>";
		};
		CA19F96B0E29C25181EABBAA /* Frameworks */ = {
			isa = PBXGroup;
			children = (
				C2C35188D83F2B33D85B2BFB /* Pods_TimeMatters.framework */,
				6ADDDA16F382220AF2FE17F4 /* Pods_TimeMatters_TimeMattersUITests.framework */,
				41B8B3A68390EADD4C7863E0 /* Pods_TimeMattersTests.framework */,
			);
			name = Frameworks;
			sourceTree = "<group>";
		};
		E65243422616E5DE00270A4F = {
			isa = PBXGroup;
			children = (
				E652434D2616E5DE00270A4F /* TimeMatters */,
				E65243642616E5E100270A4F /* TimeMattersTests */,
				E652436F2616E5E100270A4F /* TimeMattersUITests */,
				E652434C2616E5DE00270A4F /* Products */,
				B867EFF9D0E4DC71509EF2CA /* Pods */,
				CA19F96B0E29C25181EABBAA /* Frameworks */,
			);
			sourceTree = "<group>";
		};
		E652434C2616E5DE00270A4F /* Products */ = {
			isa = PBXGroup;
			children = (
				E652434B2616E5DE00270A4F /* TimeMatters.app */,
				E65243612616E5E100270A4F /* TimeMattersTests.xctest */,
				E652436C2616E5E100270A4F /* TimeMattersUITests.xctest */,
			);
			name = Products;
			sourceTree = "<group>";
		};
		E652434D2616E5DE00270A4F /* TimeMatters */ = {
			isa = PBXGroup;
			children = (
				B7F696B026291108009EE39A /* Model */,
				E65243832616E64F00270A4F /* View */,
				E65243892616E6FD00270A4F /* Controller */,
				E65243502616E5DE00270A4F /* SceneDelegate.swift */,
				E652434E2616E5DE00270A4F /* AppDelegate.swift */,
				E65243572616E5E000270A4F /* Assets.xcassets */,
				E65243592616E5E000270A4F /* LaunchScreen.storyboard */,
				E652435C2616E5E000270A4F /* Info.plist */,
			);
			path = TimeMatters;
			sourceTree = "<group>";
		};
		E65243642616E5E100270A4F /* TimeMattersTests */ = {
			isa = PBXGroup;
			children = (
				E65243652616E5E100270A4F /* TimeMattersTests.swift */,
				E65243672616E5E100270A4F /* Info.plist */,
			);
			path = TimeMattersTests;
			sourceTree = "<group>";
		};
		E652436F2616E5E100270A4F /* TimeMattersUITests */ = {
			isa = PBXGroup;
			children = (
				E65243702616E5E100270A4F /* TimeMattersUITests.swift */,
				E65243722616E5E100270A4F /* Info.plist */,
			);
			path = TimeMattersUITests;
			sourceTree = "<group>";
		};
		E65243832616E64F00270A4F /* View */ = {
			isa = PBXGroup;
			children = (
				E65243542616E5DE00270A4F /* Main.storyboard */,
				E645FD2C262BFDA600F63C5E /* AJ.storyboard */,
			);
			path = View;
			sourceTree = "<group>";
		};
		E65243892616E6FD00270A4F /* Controller */ = {
			isa = PBXGroup;
			children = (
				E67B5A8D2622B50B00CAB258 /* LoginViewController.swift */,
				E67B5A952622B53A00CAB258 /* ProfileViewController.swift */,
				E6E7F5DC262CB3BA00C9411F /* UADailyViewController.swift */,
				E6E7F5E1262CB3E200C9411F /* UAWeeklyViewController.swift */,
				E6E7F5E6262CB3FF00C9411F /* UAYearlyViewController.swift */,
			);
			path = Controller;
			sourceTree = "<group>";
		};
/* End PBXGroup section */

/* Begin PBXNativeTarget section */
		E652434A2616E5DE00270A4F /* TimeMatters */ = {
			isa = PBXNativeTarget;
			buildConfigurationList = E65243752616E5E100270A4F /* Build configuration list for PBXNativeTarget "TimeMatters" */;
			buildPhases = (
				07EBD6FBD3D0BCCDC3C7878C /* [CP] Check Pods Manifest.lock */,
				E65243472616E5DE00270A4F /* Sources */,
				E65243482616E5DE00270A4F /* Frameworks */,
				E65243492616E5DE00270A4F /* Resources */,
				CC71C9627D4D628BB713688D /* [CP] Embed Pods Frameworks */,
			);
			buildRules = (
			);
			dependencies = (
			);
			name = TimeMatters;
			productName = TimeMatters;
			productReference = E652434B2616E5DE00270A4F /* TimeMatters.app */;
			productType = "com.apple.product-type.application";
		};
		E65243602616E5E100270A4F /* TimeMattersTests */ = {
			isa = PBXNativeTarget;
			buildConfigurationList = E65243782616E5E100270A4F /* Build configuration list for PBXNativeTarget "TimeMattersTests" */;
			buildPhases = (
				E6633FAC79706BC433A8F14C /* [CP] Check Pods Manifest.lock */,
				E652435D2616E5E100270A4F /* Sources */,
				E652435E2616E5E100270A4F /* Frameworks */,
				E652435F2616E5E100270A4F /* Resources */,
			);
			buildRules = (
			);
			dependencies = (
				E65243632616E5E100270A4F /* PBXTargetDependency */,
			);
			name = TimeMattersTests;
			productName = TimeMattersTests;
			productReference = E65243612616E5E100270A4F /* TimeMattersTests.xctest */;
			productType = "com.apple.product-type.bundle.unit-test";
		};
		E652436B2616E5E100270A4F /* TimeMattersUITests */ = {
			isa = PBXNativeTarget;
			buildConfigurationList = E652437B2616E5E100270A4F /* Build configuration list for PBXNativeTarget "TimeMattersUITests" */;
			buildPhases = (
				0C9C32EAF583C3F12A4476DF /* [CP] Check Pods Manifest.lock */,
				E65243682616E5E100270A4F /* Sources */,
				E65243692616E5E100270A4F /* Frameworks */,
				E652436A2616E5E100270A4F /* Resources */,
				E8215FF952B230729D24649C /* [CP] Embed Pods Frameworks */,
			);
			buildRules = (
			);
			dependencies = (
				E652436E2616E5E100270A4F /* PBXTargetDependency */,
			);
			name = TimeMattersUITests;
			productName = TimeMattersUITests;
			productReference = E652436C2616E5E100270A4F /* TimeMattersUITests.xctest */;
			productType = "com.apple.product-type.bundle.ui-testing";
		};
/* End PBXNativeTarget section */

/* Begin PBXProject section */
		E65243432616E5DE00270A4F /* Project object */ = {
			isa = PBXProject;
			attributes = {
				LastSwiftUpdateCheck = 1230;
				LastUpgradeCheck = 1230;
				TargetAttributes = {
					E652434A2616E5DE00270A4F = {
						CreatedOnToolsVersion = 12.3;
					};
					E65243602616E5E100270A4F = {
						CreatedOnToolsVersion = 12.3;
						TestTargetID = E652434A2616E5DE00270A4F;
					};
					E652436B2616E5E100270A4F = {
						CreatedOnToolsVersion = 12.3;
						TestTargetID = E652434A2616E5DE00270A4F;
					};
				};
			};
			buildConfigurationList = E65243462616E5DE00270A4F /* Build configuration list for PBXProject "TimeMatters" */;
			compatibilityVersion = "Xcode 9.3";
			developmentRegion = en;
			hasScannedForEncodings = 0;
			knownRegions = (
				en,
				Base,
			);
			mainGroup = E65243422616E5DE00270A4F;
			productRefGroup = E652434C2616E5DE00270A4F /* Products */;
			projectDirPath = "";
			projectRoot = "";
			targets = (
				E652434A2616E5DE00270A4F /* TimeMatters */,
				E65243602616E5E100270A4F /* TimeMattersTests */,
				E652436B2616E5E100270A4F /* TimeMattersUITests */,
			);
		};
/* End PBXProject section */

/* Begin PBXResourcesBuildPhase section */
		E65243492616E5DE00270A4F /* Resources */ = {
			isa = PBXResourcesBuildPhase;
			buildActionMask = 2147483647;
			files = (
				E652435B2616E5E000270A4F /* LaunchScreen.storyboard in Resources */,
				E65243582616E5E000270A4F /* Assets.xcassets in Resources */,
				E65243562616E5DE00270A4F /* Main.storyboard in Resources */,
				E645FD2D262BFDA600F63C5E /* AJ.storyboard in Resources */,
			);
			runOnlyForDeploymentPostprocessing = 0;
		};
		E652435F2616E5E100270A4F /* Resources */ = {
			isa = PBXResourcesBuildPhase;
			buildActionMask = 2147483647;
			files = (
			);
			runOnlyForDeploymentPostprocessing = 0;
		};
		E652436A2616E5E100270A4F /* Resources */ = {
			isa = PBXResourcesBuildPhase;
			buildActionMask = 2147483647;
			files = (
			);
			runOnlyForDeploymentPostprocessing = 0;
		};
/* End PBXResourcesBuildPhase section */

/* Begin PBXShellScriptBuildPhase section */
		07EBD6FBD3D0BCCDC3C7878C /* [CP] Check Pods Manifest.lock */ = {
			isa = PBXShellScriptBuildPhase;
			buildActionMask = 2147483647;
			files = (
			);
			inputFileListPaths = (
			);
			inputPaths = (
				"${PODS_PODFILE_DIR_PATH}/Podfile.lock",
				"${PODS_ROOT}/Manifest.lock",
			);
			name = "[CP] Check Pods Manifest.lock";
			outputFileListPaths = (
			);
			outputPaths = (
				"$(DERIVED_FILE_DIR)/Pods-TimeMatters-checkManifestLockResult.txt",
			);
			runOnlyForDeploymentPostprocessing = 0;
			shellPath = /bin/sh;
			shellScript = "diff \"${PODS_PODFILE_DIR_PATH}/Podfile.lock\" \"${PODS_ROOT}/Manifest.lock\" > /dev/null\nif [ $? != 0 ] ; then\n    # print error to STDERR\n    echo \"error: The sandbox is not in sync with the Podfile.lock. Run 'pod install' or update your CocoaPods installation.\" >&2\n    exit 1\nfi\n# This output is used by Xcode 'outputs' to avoid re-running this script phase.\necho \"SUCCESS\" > \"${SCRIPT_OUTPUT_FILE_0}\"\n";
			showEnvVarsInLog = 0;
		};
		0C9C32EAF583C3F12A4476DF /* [CP] Check Pods Manifest.lock */ = {
			isa = PBXShellScriptBuildPhase;
			buildActionMask = 2147483647;
			files = (
			);
			inputFileListPaths = (
			);
			inputPaths = (
				"${PODS_PODFILE_DIR_PATH}/Podfile.lock",
				"${PODS_ROOT}/Manifest.lock",
			);
			name = "[CP] Check Pods Manifest.lock";
			outputFileListPaths = (
			);
			outputPaths = (
				"$(DERIVED_FILE_DIR)/Pods-TimeMatters-TimeMattersUITests-checkManifestLockResult.txt",
			);
			runOnlyForDeploymentPostprocessing = 0;
			shellPath = /bin/sh;
			shellScript = "diff \"${PODS_PODFILE_DIR_PATH}/Podfile.lock\" \"${PODS_ROOT}/Manifest.lock\" > /dev/null\nif [ $? != 0 ] ; then\n    # print error to STDERR\n    echo \"error: The sandbox is not in sync with the Podfile.lock. Run 'pod install' or update your CocoaPods installation.\" >&2\n    exit 1\nfi\n# This output is used by Xcode 'outputs' to avoid re-running this script phase.\necho \"SUCCESS\" > \"${SCRIPT_OUTPUT_FILE_0}\"\n";
			showEnvVarsInLog = 0;
		};
		CC71C9627D4D628BB713688D /* [CP] Embed Pods Frameworks */ = {
			isa = PBXShellScriptBuildPhase;
			buildActionMask = 2147483647;
			files = (
			);
			inputFileListPaths = (
				"${PODS_ROOT}/Target Support Files/Pods-TimeMatters/Pods-TimeMatters-frameworks-${CONFIGURATION}-input-files.xcfilelist",
			);
			name = "[CP] Embed Pods Frameworks";
			outputFileListPaths = (
				"${PODS_ROOT}/Target Support Files/Pods-TimeMatters/Pods-TimeMatters-frameworks-${CONFIGURATION}-output-files.xcfilelist",
			);
			runOnlyForDeploymentPostprocessing = 0;
			shellPath = /bin/sh;
			shellScript = "\"${PODS_ROOT}/Target Support Files/Pods-TimeMatters/Pods-TimeMatters-frameworks.sh\"\n";
			showEnvVarsInLog = 0;
		};
		E6633FAC79706BC433A8F14C /* [CP] Check Pods Manifest.lock */ = {
			isa = PBXShellScriptBuildPhase;
			buildActionMask = 2147483647;
			files = (
			);
			inputFileListPaths = (
			);
			inputPaths = (
				"${PODS_PODFILE_DIR_PATH}/Podfile.lock",
				"${PODS_ROOT}/Manifest.lock",
			);
			name = "[CP] Check Pods Manifest.lock";
			outputFileListPaths = (
			);
			outputPaths = (
				"$(DERIVED_FILE_DIR)/Pods-TimeMattersTests-checkManifestLockResult.txt",
			);
			runOnlyForDeploymentPostprocessing = 0;
			shellPath = /bin/sh;
			shellScript = "diff \"${PODS_PODFILE_DIR_PATH}/Podfile.lock\" \"${PODS_ROOT}/Manifest.lock\" > /dev/null\nif [ $? != 0 ] ; then\n    # print error to STDERR\n    echo \"error: The sandbox is not in sync with the Podfile.lock. Run 'pod install' or update your CocoaPods installation.\" >&2\n    exit 1\nfi\n# This output is used by Xcode 'outputs' to avoid re-running this script phase.\necho \"SUCCESS\" > \"${SCRIPT_OUTPUT_FILE_0}\"\n";
			showEnvVarsInLog = 0;
		};
		E8215FF952B230729D24649C /* [CP] Embed Pods Frameworks */ = {
			isa = PBXShellScriptBuildPhase;
			buildActionMask = 2147483647;
			files = (
			);
			inputFileListPaths = (
				"${PODS_ROOT}/Target Support Files/Pods-TimeMatters-TimeMattersUITests/Pods-TimeMatters-TimeMattersUITests-frameworks-${CONFIGURATION}-input-files.xcfilelist",
			);
			name = "[CP] Embed Pods Frameworks";
			outputFileListPaths = (
				"${PODS_ROOT}/Target Support Files/Pods-TimeMatters-TimeMattersUITests/Pods-TimeMatters-TimeMattersUITests-frameworks-${CONFIGURATION}-output-files.xcfilelist",
			);
			runOnlyForDeploymentPostprocessing = 0;
			shellPath = /bin/sh;
			shellScript = "\"${PODS_ROOT}/Target Support Files/Pods-TimeMatters-TimeMattersUITests/Pods-TimeMatters-TimeMattersUITests-frameworks.sh\"\n";
			showEnvVarsInLog = 0;
		};
/* End PBXShellScriptBuildPhase section */

/* Begin PBXSourcesBuildPhase section */
		E65243472616E5DE00270A4F /* Sources */ = {
			isa = PBXSourcesBuildPhase;
			buildActionMask = 2147483647;
			files = (
				E67B5A8E2622B50B00CAB258 /* LoginViewController.swift in Sources */,
				B780C9B426286557007FB78A /* UserVM.swift in Sources */,
				E652434F2616E5DE00270A4F /* AppDelegate.swift in Sources */,
				B780C9B926286580007FB78A /* ActivityVM.swift in Sources */,
				E67B5A962622B53B00CAB258 /* ProfileViewController.swift in Sources */,
				E6E7F5E2262CB3E200C9411F /* UAWeeklyViewController.swift in Sources */,
				E65243512616E5DE00270A4F /* SceneDelegate.swift in Sources */,
				E6E7F5DD262CB3BA00C9411F /* UADailyViewController.swift in Sources */,
				B780C9C826286636007FB78A /* RecordVM.swift in Sources */,
				B780C9BE262865DA007FB78A /* ModeVM.swift in Sources */,
				E6E7F5E7262CB3FF00C9411F /* UAYearlyViewController.swift in Sources */,
				B780C9C32628660E007FB78A /* TimeLoggingVM.swift in Sources */,
			);
			runOnlyForDeploymentPostprocessing = 0;
		};
		E652435D2616E5E100270A4F /* Sources */ = {
			isa = PBXSourcesBuildPhase;
			buildActionMask = 2147483647;
			files = (
				E65243662616E5E100270A4F /* TimeMattersTests.swift in Sources */,
			);
			runOnlyForDeploymentPostprocessing = 0;
		};
		E65243682616E5E100270A4F /* Sources */ = {
			isa = PBXSourcesBuildPhase;
			buildActionMask = 2147483647;
			files = (
				E65243712616E5E100270A4F /* TimeMattersUITests.swift in Sources */,
			);
			runOnlyForDeploymentPostprocessing = 0;
		};
/* End PBXSourcesBuildPhase section */

/* Begin PBXTargetDependency section */
		E65243632616E5E100270A4F /* PBXTargetDependency */ = {
			isa = PBXTargetDependency;
			target = E652434A2616E5DE00270A4F /* TimeMatters */;
			targetProxy = E65243622616E5E100270A4F /* PBXContainerItemProxy */;
		};
		E652436E2616E5E100270A4F /* PBXTargetDependency */ = {
			isa = PBXTargetDependency;
			target = E652434A2616E5DE00270A4F /* TimeMatters */;
			targetProxy = E652436D2616E5E100270A4F /* PBXContainerItemProxy */;
		};
/* End PBXTargetDependency section */

/* Begin PBXVariantGroup section */
		E65243542616E5DE00270A4F /* Main.storyboard */ = {
			isa = PBXVariantGroup;
			children = (
				E65243552616E5DE00270A4F /* Base */,
			);
			name = Main.storyboard;
			sourceTree = "<group>";
		};
		E65243592616E5E000270A4F /* LaunchScreen.storyboard */ = {
			isa = PBXVariantGroup;
			children = (
				E652435A2616E5E000270A4F /* Base */,
			);
			name = LaunchScreen.storyboard;
			sourceTree = "<group>";
		};
/* End PBXVariantGroup section */

/* Begin XCBuildConfiguration section */
		E65243732616E5E100270A4F /* Debug */ = {
			isa = XCBuildConfiguration;
			buildSettings = {
				ALWAYS_SEARCH_USER_PATHS = NO;
				CLANG_ANALYZER_NONNULL = YES;
				CLANG_ANALYZER_NUMBER_OBJECT_CONVERSION = YES_AGGRESSIVE;
				CLANG_CXX_LANGUAGE_STANDARD = "gnu++14";
				CLANG_CXX_LIBRARY = "libc++";
				CLANG_ENABLE_MODULES = YES;
				CLANG_ENABLE_OBJC_ARC = YES;
				CLANG_ENABLE_OBJC_WEAK = YES;
				CLANG_WARN_BLOCK_CAPTURE_AUTORELEASING = YES;
				CLANG_WARN_BOOL_CONVERSION = YES;
				CLANG_WARN_COMMA = YES;
				CLANG_WARN_CONSTANT_CONVERSION = YES;
				CLANG_WARN_DEPRECATED_OBJC_IMPLEMENTATIONS = YES;
				CLANG_WARN_DIRECT_OBJC_ISA_USAGE = YES_ERROR;
				CLANG_WARN_DOCUMENTATION_COMMENTS = YES;
				CLANG_WARN_EMPTY_BODY = YES;
				CLANG_WARN_ENUM_CONVERSION = YES;
				CLANG_WARN_INFINITE_RECURSION = YES;
				CLANG_WARN_INT_CONVERSION = YES;
				CLANG_WARN_NON_LITERAL_NULL_CONVERSION = YES;
				CLANG_WARN_OBJC_IMPLICIT_RETAIN_SELF = YES;
				CLANG_WARN_OBJC_LITERAL_CONVERSION = YES;
				CLANG_WARN_OBJC_ROOT_CLASS = YES_ERROR;
				CLANG_WARN_QUOTED_INCLUDE_IN_FRAMEWORK_HEADER = YES;
				CLANG_WARN_RANGE_LOOP_ANALYSIS = YES;
				CLANG_WARN_STRICT_PROTOTYPES = YES;
				CLANG_WARN_SUSPICIOUS_MOVE = YES;
				CLANG_WARN_UNGUARDED_AVAILABILITY = YES_AGGRESSIVE;
				CLANG_WARN_UNREACHABLE_CODE = YES;
				CLANG_WARN__DUPLICATE_METHOD_MATCH = YES;
				COPY_PHASE_STRIP = NO;
				DEBUG_INFORMATION_FORMAT = dwarf;
				ENABLE_STRICT_OBJC_MSGSEND = YES;
				ENABLE_TESTABILITY = YES;
				GCC_C_LANGUAGE_STANDARD = gnu11;
				GCC_DYNAMIC_NO_PIC = NO;
				GCC_NO_COMMON_BLOCKS = YES;
				GCC_OPTIMIZATION_LEVEL = 0;
				GCC_PREPROCESSOR_DEFINITIONS = (
					"DEBUG=1",
					"$(inherited)",
				);
				GCC_WARN_64_TO_32_BIT_CONVERSION = YES;
				GCC_WARN_ABOUT_RETURN_TYPE = YES_ERROR;
				GCC_WARN_UNDECLARED_SELECTOR = YES;
				GCC_WARN_UNINITIALIZED_AUTOS = YES_AGGRESSIVE;
				GCC_WARN_UNUSED_FUNCTION = YES;
				GCC_WARN_UNUSED_VARIABLE = YES;
				IPHONEOS_DEPLOYMENT_TARGET = 14.3;
				MTL_ENABLE_DEBUG_INFO = INCLUDE_SOURCE;
				MTL_FAST_MATH = YES;
				ONLY_ACTIVE_ARCH = YES;
				SDKROOT = iphoneos;
				SWIFT_ACTIVE_COMPILATION_CONDITIONS = DEBUG;
				SWIFT_OPTIMIZATION_LEVEL = "-Onone";
			};
			name = Debug;
		};
		E65243742616E5E100270A4F /* Release */ = {
			isa = XCBuildConfiguration;
			buildSettings = {
				ALWAYS_SEARCH_USER_PATHS = NO;
				CLANG_ANALYZER_NONNULL = YES;
				CLANG_ANALYZER_NUMBER_OBJECT_CONVERSION = YES_AGGRESSIVE;
				CLANG_CXX_LANGUAGE_STANDARD = "gnu++14";
				CLANG_CXX_LIBRARY = "libc++";
				CLANG_ENABLE_MODULES = YES;
				CLANG_ENABLE_OBJC_ARC = YES;
				CLANG_ENABLE_OBJC_WEAK = YES;
				CLANG_WARN_BLOCK_CAPTURE_AUTORELEASING = YES;
				CLANG_WARN_BOOL_CONVERSION = YES;
				CLANG_WARN_COMMA = YES;
				CLANG_WARN_CONSTANT_CONVERSION = YES;
				CLANG_WARN_DEPRECATED_OBJC_IMPLEMENTATIONS = YES;
				CLANG_WARN_DIRECT_OBJC_ISA_USAGE = YES_ERROR;
				CLANG_WARN_DOCUMENTATION_COMMENTS = YES;
				CLANG_WARN_EMPTY_BODY = YES;
				CLANG_WARN_ENUM_CONVERSION = YES;
				CLANG_WARN_INFINITE_RECURSION = YES;
				CLANG_WARN_INT_CONVERSION = YES;
				CLANG_WARN_NON_LITERAL_NULL_CONVERSION = YES;
				CLANG_WARN_OBJC_IMPLICIT_RETAIN_SELF = YES;
				CLANG_WARN_OBJC_LITERAL_CONVERSION = YES;
				CLANG_WARN_OBJC_ROOT_CLASS = YES_ERROR;
				CLANG_WARN_QUOTED_INCLUDE_IN_FRAMEWORK_HEADER = YES;
				CLANG_WARN_RANGE_LOOP_ANALYSIS = YES;
				CLANG_WARN_STRICT_PROTOTYPES = YES;
				CLANG_WARN_SUSPICIOUS_MOVE = YES;
				CLANG_WARN_UNGUARDED_AVAILABILITY = YES_AGGRESSIVE;
				CLANG_WARN_UNREACHABLE_CODE = YES;
				CLANG_WARN__DUPLICATE_METHOD_MATCH = YES;
				COPY_PHASE_STRIP = NO;
				DEBUG_INFORMATION_FORMAT = "dwarf-with-dsym";
				ENABLE_NS_ASSERTIONS = NO;
				ENABLE_STRICT_OBJC_MSGSEND = YES;
				GCC_C_LANGUAGE_STANDARD = gnu11;
				GCC_NO_COMMON_BLOCKS = YES;
				GCC_WARN_64_TO_32_BIT_CONVERSION = YES;
				GCC_WARN_ABOUT_RETURN_TYPE = YES_ERROR;
				GCC_WARN_UNDECLARED_SELECTOR = YES;
				GCC_WARN_UNINITIALIZED_AUTOS = YES_AGGRESSIVE;
				GCC_WARN_UNUSED_FUNCTION = YES;
				GCC_WARN_UNUSED_VARIABLE = YES;
				IPHONEOS_DEPLOYMENT_TARGET = 14.3;
				MTL_ENABLE_DEBUG_INFO = NO;
				MTL_FAST_MATH = YES;
				SDKROOT = iphoneos;
				SWIFT_COMPILATION_MODE = wholemodule;
				SWIFT_OPTIMIZATION_LEVEL = "-O";
				VALIDATE_PRODUCT = YES;
			};
			name = Release;
		};
		E65243762616E5E100270A4F /* Debug */ = {
			isa = XCBuildConfiguration;
			baseConfigurationReference = D2BB791ABC6084BCF0E9413B /* Pods-TimeMatters.debug.xcconfig */;
			buildSettings = {
				ASSETCATALOG_COMPILER_APPICON_NAME = AppIcon;
				ASSETCATALOG_COMPILER_GLOBAL_ACCENT_COLOR_NAME = AccentColor;
				CODE_SIGN_STYLE = Automatic;
				DEVELOPMENT_TEAM = ZA8J7F5QMX;
				INFOPLIST_FILE = TimeMatters/Info.plist;
				LD_RUNPATH_SEARCH_PATHS = (
					"$(inherited)",
					"@executable_path/Frameworks",
				);
				PRODUCT_BUNDLE_IDENTIFIER = "TIM-CodePath.TimeMatters";
				PRODUCT_NAME = "$(TARGET_NAME)";
				SWIFT_VERSION = 5.0;
				TARGETED_DEVICE_FAMILY = "1,2";
			};
			name = Debug;
		};
		E65243772616E5E100270A4F /* Release */ = {
			isa = XCBuildConfiguration;
			baseConfigurationReference = AEE015319122CD83F6796941 /* Pods-TimeMatters.release.xcconfig */;
			buildSettings = {
				ASSETCATALOG_COMPILER_APPICON_NAME = AppIcon;
				ASSETCATALOG_COMPILER_GLOBAL_ACCENT_COLOR_NAME = AccentColor;
				CODE_SIGN_STYLE = Automatic;
				DEVELOPMENT_TEAM = ZA8J7F5QMX;
				INFOPLIST_FILE = TimeMatters/Info.plist;
				LD_RUNPATH_SEARCH_PATHS = (
					"$(inherited)",
					"@executable_path/Frameworks",
				);
				PRODUCT_BUNDLE_IDENTIFIER = "TIM-CodePath.TimeMatters";
				PRODUCT_NAME = "$(TARGET_NAME)";
				SWIFT_VERSION = 5.0;
				TARGETED_DEVICE_FAMILY = "1,2";
			};
			name = Release;
		};
		E65243792616E5E100270A4F /* Debug */ = {
			isa = XCBuildConfiguration;
			baseConfigurationReference = 1A747ACCA846DE66A2E7AB71 /* Pods-TimeMattersTests.debug.xcconfig */;
			buildSettings = {
				ALWAYS_EMBED_SWIFT_STANDARD_LIBRARIES = YES;
				BUNDLE_LOADER = "$(TEST_HOST)";
				CODE_SIGN_STYLE = Automatic;
				INFOPLIST_FILE = TimeMattersTests/Info.plist;
				IPHONEOS_DEPLOYMENT_TARGET = 14.3;
				LD_RUNPATH_SEARCH_PATHS = (
					"$(inherited)",
					"@executable_path/Frameworks",
					"@loader_path/Frameworks",
				);
				PRODUCT_BUNDLE_IDENTIFIER = "TIM-CodePath.TimeMattersTests";
				PRODUCT_NAME = "$(TARGET_NAME)";
				SWIFT_VERSION = 5.0;
				TARGETED_DEVICE_FAMILY = "1,2";
				TEST_HOST = "$(BUILT_PRODUCTS_DIR)/TimeMatters.app/TimeMatters";
			};
			name = Debug;
		};
		E652437A2616E5E100270A4F /* Release */ = {
			isa = XCBuildConfiguration;
			baseConfigurationReference = 77FC334C3CF1355A210FDFF2 /* Pods-TimeMattersTests.release.xcconfig */;
			buildSettings = {
				ALWAYS_EMBED_SWIFT_STANDARD_LIBRARIES = YES;
				BUNDLE_LOADER = "$(TEST_HOST)";
				CODE_SIGN_STYLE = Automatic;
				INFOPLIST_FILE = TimeMattersTests/Info.plist;
				IPHONEOS_DEPLOYMENT_TARGET = 14.3;
				LD_RUNPATH_SEARCH_PATHS = (
					"$(inherited)",
					"@executable_path/Frameworks",
					"@loader_path/Frameworks",
				);
				PRODUCT_BUNDLE_IDENTIFIER = "TIM-CodePath.TimeMattersTests";
				PRODUCT_NAME = "$(TARGET_NAME)";
				SWIFT_VERSION = 5.0;
				TARGETED_DEVICE_FAMILY = "1,2";
				TEST_HOST = "$(BUILT_PRODUCTS_DIR)/TimeMatters.app/TimeMatters";
			};
			name = Release;
		};
		E652437C2616E5E100270A4F /* Debug */ = {
			isa = XCBuildConfiguration;
			baseConfigurationReference = 454437E0E4A637C1DC235CCF /* Pods-TimeMatters-TimeMattersUITests.debug.xcconfig */;
			buildSettings = {
				ALWAYS_EMBED_SWIFT_STANDARD_LIBRARIES = YES;
				CODE_SIGN_STYLE = Automatic;
				INFOPLIST_FILE = TimeMattersUITests/Info.plist;
				LD_RUNPATH_SEARCH_PATHS = (
					"$(inherited)",
					"@executable_path/Frameworks",
					"@loader_path/Frameworks",
				);
				PRODUCT_BUNDLE_IDENTIFIER = "TIM-CodePath.TimeMattersUITests";
				PRODUCT_NAME = "$(TARGET_NAME)";
				SWIFT_VERSION = 5.0;
				TARGETED_DEVICE_FAMILY = "1,2";
				TEST_TARGET_NAME = TimeMatters;
			};
			name = Debug;
		};
		E652437D2616E5E100270A4F /* Release */ = {
			isa = XCBuildConfiguration;
			baseConfigurationReference = AAEE82F6F5B1936CD09C6C36 /* Pods-TimeMatters-TimeMattersUITests.release.xcconfig */;
			buildSettings = {
				ALWAYS_EMBED_SWIFT_STANDARD_LIBRARIES = YES;
				CODE_SIGN_STYLE = Automatic;
				INFOPLIST_FILE = TimeMattersUITests/Info.plist;
				LD_RUNPATH_SEARCH_PATHS = (
					"$(inherited)",
					"@executable_path/Frameworks",
					"@loader_path/Frameworks",
				);
				PRODUCT_BUNDLE_IDENTIFIER = "TIM-CodePath.TimeMattersUITests";
				PRODUCT_NAME = "$(TARGET_NAME)";
				SWIFT_VERSION = 5.0;
				TARGETED_DEVICE_FAMILY = "1,2";
				TEST_TARGET_NAME = TimeMatters;
			};
			name = Release;
		};
/* End XCBuildConfiguration section */

/* Begin XCConfigurationList section */
		E65243462616E5DE00270A4F /* Build configuration list for PBXProject "TimeMatters" */ = {
			isa = XCConfigurationList;
			buildConfigurations = (
				E65243732616E5E100270A4F /* Debug */,
				E65243742616E5E100270A4F /* Release */,
			);
			defaultConfigurationIsVisible = 0;
			defaultConfigurationName = Release;
		};
		E65243752616E5E100270A4F /* Build configuration list for PBXNativeTarget "TimeMatters" */ = {
			isa = XCConfigurationList;
			buildConfigurations = (
				E65243762616E5E100270A4F /* Debug */,
				E65243772616E5E100270A4F /* Release */,
			);
			defaultConfigurationIsVisible = 0;
			defaultConfigurationName = Release;
		};
		E65243782616E5E100270A4F /* Build configuration list for PBXNativeTarget "TimeMattersTests" */ = {
			isa = XCConfigurationList;
			buildConfigurations = (
				E65243792616E5E100270A4F /* Debug */,
				E652437A2616E5E100270A4F /* Release */,
			);
			defaultConfigurationIsVisible = 0;
			defaultConfigurationName = Release;
		};
		E652437B2616E5E100270A4F /* Build configuration list for PBXNativeTarget "TimeMattersUITests" */ = {
			isa = XCConfigurationList;
			buildConfigurations = (
				E652437C2616E5E100270A4F /* Debug */,
				E652437D2616E5E100270A4F /* Release */,
			);
			defaultConfigurationIsVisible = 0;
			defaultConfigurationName = Release;
		};
/* End XCConfigurationList section */
	};
	rootObject = E65243432616E5DE00270A4F /* Project object */;
}
